# THIS IS AN AUTOGENERATED FILE. DO NOT EDIT THIS FILE DIRECTLY.
# yarn lockfile v1


date-fns@^1.29.0:
  version "1.29.0"
  resolved "https://registry.yarnpkg.com/date-fns/-/date-fns-1.29.0.tgz#12e609cdcb935127311d04d33334e2960a2a54e6"

ethiopic-calendar@^2.0.0:
  version "2.0.0"
  resolved "https://registry.yarnpkg.com/ethiopic-calendar/-/ethiopic-calendar-2.0.0.tgz#353e457e8ff093389f6730fb316a4705da12caea"

geezer@^1.1.0:
  version "1.1.0"
  resolved "https://registry.yarnpkg.com/geezer/-/geezer-1.1.0.tgz#8fa35702fa6dda789bfbced4493cd85590641741"

uuid@^3.2.1:
  version "3.2.1"
  resolved "https://registry.yarnpkg.com/uuid/-/uuid-3.2.1.tgz#12c528bb9d58d0b9265d9a2f6f0fe8be17ff1f14"
